
Microsoft Visual Studio Solution File, Format Version 12.00
# Visual Studio Version 16
VisualStudioVersion = 16.0.31911.196
MinimumVisualStudioVersion = 10.0.40219.1
Project("{FAE04EC0-301F-11D3-BF4B-00C04F79EFBC}") = "rangenumber", "rangenumber.csproj", "{942EAC13-1062-49C2-B6F8-8BBF542545D2}"
EndProject
Global
	GlobalSection(SolutionConfigurationPlatforms) = preSolution
		Debug|Any CPU = Debug|Any CPU
		Release|Any CPU = Release|Any CPU
	EndGlobalSection
	GlobalSection(ProjectConfigurationPlatforms) = postSolution
		{942EAC13-1062-49C2-B6F8-8BBF542545D2}.Debug|Any CPU.ActiveCfg = Debug|Any CPU
		{942EAC13-1062-49C2-B6F8-8BBF542545D2}.Debug|Any CPU.Build.0 = Debug|Any CPU
		{942EAC13-1062-49C2-B6F8-8BBF542545D2}.Release|Any CPU.ActiveCfg = Release|Any CPU
		{942EAC13-1062-49C2-B6F8-8BBF542545D2}.Release|Any CPU.Build.0 = Release|Any CPU
	EndGlobalSection
	GlobalSection(SolutionProperties) = preSolution
		HideSolutionNode = FALSE
	EndGlobalSection
	GlobalSection(ExtensibilityGlobals) = postSolution
		SolutionGuid = {14F3CA0F-9B96-44C9-ABE5-9E80F2754C7A}
	EndGlobalSection
EndGlobal
